
Microsoft Visual Studio Solution File, Format Version 12.00
# Visual Studio Version 17
VisualStudioVersion = 17.0.31903.59
MinimumVisualStudioVersion = 10.0.40219.1
Project("{2150E333-8FDC-42A3-9474-1A3956D46DE8}") = "src", "src", "{827E0CD3-B72D-47B6-A68D-7590B98EB39B}"
EndProject
Project("{FAE04EC0-301F-11D3-BF4B-00C04F79EFBC}") = "Cormier.Realtime.Contracts", "src\Cormier.Realtime.Contracts\Cormier.Realtime.Contracts.csproj", "{60E9F92B-C105-44C4-B1F0-51FE93DAD3C5}"
EndProject
Project("{FAE04EC0-301F-11D3-BF4B-00C04F79EFBC}") = "Cormier.Realtime.Gateway", "src\Cormier.Realtime.Gateway\Cormier.Realtime.Gateway.csproj", "{E3B02D8D-E8B9-4B5B-987B-F9AAEEC6222C}"
EndProject
Project("{FAE04EC0-301F-11D3-BF4B-00C04F79EFBC}") = "Cormier.Realtime.Redis", "src\Cormier.Realtime.Redis\Cormier.Realtime.Redis.csproj", "{1CC3E5FF-BAB1-4B6D-917C-9736D3C6F535}"
EndProject
Project("{2150E333-8FDC-42A3-9474-1A3956D46DE8}") = "tests", "tests", "{0AB3BF05-4346-4AA6-1389-037BE0695223}"
EndProject
Project("{FAE04EC0-301F-11D3-BF4B-00C04F79EFBC}") = "Cormier.Realtime.IntegrationTests", "tests\Cormier.Realtime.IntegrationTests\Cormier.Realtime.IntegrationTests.csproj", "{8BB354D6-F2DA-49AD-A283-CD8297DCDCF8}"
EndProject
Project("{FAE04EC0-301F-11D3-BF4B-00C04F79EFBC}") = "Cormier.Realtime.KubernetesTests", "tests\Cormier.Realtime.KubernetesTests\Cormier.Realtime.KubernetesTests.csproj", "{5619CB21-E698-40C8-96D9-BA2197A1FDC0}"
EndProject
Project("{FAE04EC0-301F-11D3-BF4B-00C04F79EFBC}") = "Cormier.Realtime.LoadTests", "tests\Cormier.Realtime.LoadTests\Cormier.Realtime.LoadTests.csproj", "{E62C2BC6-5FF9-47FD-BAFA-E1B3FA591282}"
EndProject
Project("{FAE04EC0-301F-11D3-BF4B-00C04F79EFBC}") = "Cormier.Realtime.UnitTests", "tests\Cormier.Realtime.UnitTests\Cormier.Realtime.UnitTests.csproj", "{19665BD1-4088-497D-88EA-3929573829F6}"
EndProject
Project("{2150E333-8FDC-42A3-9474-1A3956D46DE8}") = "tools", "tools", "{07C2787E-EAC7-C090-1BA3-A61EC2A24D84}"
EndProject
Project("{FAE04EC0-301F-11D3-BF4B-00C04F79EFBC}") = "Cormier.Realtime.LoadRunner", "tools\Cormier.Realtime.LoadRunner\Cormier.Realtime.LoadRunner.csproj", "{18C270A4-4600-49D5-A503-24AC9205164B}"
EndProject
Global
	GlobalSection(SolutionConfigurationPlatforms) = preSolution
		Debug|Any CPU = Debug|Any CPU
		Debug|x64 = Debug|x64
		Debug|x86 = Debug|x86
		Release|Any CPU = Release|Any CPU
		Release|x64 = Release|x64
		Release|x86 = Release|x86
	EndGlobalSection
	GlobalSection(ProjectConfigurationPlatforms) = postSolution
		{60E9F92B-C105-44C4-B1F0-51FE93DAD3C5}.Debug|Any CPU.ActiveCfg = Debug|Any CPU
		{60E9F92B-C105-44C4-B1F0-51FE93DAD3C5}.Debug|Any CPU.Build.0 = Debug|Any CPU
		{60E9F92B-C105-44C4-B1F0-51FE93DAD3C5}.Debug|x64.ActiveCfg = Debug|Any CPU
		{60E9F92B-C105-44C4-B1F0-51FE93DAD3C5}.Debug|x64.Build.0 = Debug|Any CPU
		{60E9F92B-C105-44C4-B1F0-51FE93DAD3C5}.Debug|x86.ActiveCfg = Debug|Any CPU
		{60E9F92B-C105-44C4-B1F0-51FE93DAD3C5}.Debug|x86.Build.0 = Debug|Any CPU
		{60E9F92B-C105-44C4-B1F0-51FE93DAD3C5}.Release|Any CPU.ActiveCfg = Release|Any CPU
		{60E9F92B-C105-44C4-B1F0-51FE93DAD3C5}.Release|Any CPU.Build.0 = Release|Any CPU
		{60E9F92B-C105-44C4-B1F0-51FE93DAD3C5}.Release|x64.ActiveCfg = Release|Any CPU
		{60E9F92B-C105-44C4-B1F0-51FE93DAD3C5}.Release|x64.Build.0 = Release|Any CPU
		{60E9F92B-C105-44C4-B1F0-51FE93DAD3C5}.Release|x86.ActiveCfg = Release|Any CPU
		{60E9F92B-C105-44C4-B1F0-51FE93DAD3C5}.Release|x86.Build.0 = Release|Any CPU
		{E3B02D8D-E8B9-4B5B-987B-F9AAEEC6222C}.Debug|Any CPU.ActiveCfg = Debug|Any CPU
		{E3B02D8D-E8B9-4B5B-987B-F9AAEEC6222C}.Debug|Any CPU.Build.0 = Debug|Any CPU
		{E3B02D8D-E8B9-4B5B-987B-F9AAEEC6222C}.Debug|x64.ActiveCfg = Debug|Any CPU
		{E3B02D8D-E8B9-4B5B-987B-F9AAEEC6222C}.Debug|x64.Build.0 = Debug|Any CPU
		{E3B02D8D-E8B9-4B5B-987B-F9AAEEC6222C}.Debug|x86.ActiveCfg = Debug|Any CPU
		{E3B02D8D-E8B9-4B5B-987B-F9AAEEC6222C}.Debug|x86.Build.0 = Debug|Any CPU
		{E3B02D8D-E8B9-4B5B-987B-F9AAEEC6222C}.Release|Any CPU.ActiveCfg = Release|Any CPU
		{E3B02D8D-E8B9-4B5B-987B-F9AAEEC6222C}.Release|Any CPU.Build.0 = Release|Any CPU
		{E3B02D8D-E8B9-4B5B-987B-F9AAEEC6222C}.Release|x64.ActiveCfg = Release|Any CPU
		{E3B02D8D-E8B9-4B5B-987B-F9AAEEC6222C}.Release|x64.Build.0 = Release|Any CPU
		{E3B02D8D-E8B9-4B5B-987B-F9AAEEC6222C}.Release|x86.ActiveCfg = Release|Any CPU
		{E3B02D8D-E8B9-4B5B-987B-F9AAEEC6222C}.Release|x86.Build.0 = Release|Any CPU
		{1CC3E5FF-BAB1-4B6D-917C-9736D3C6F535}.Debug|Any CPU.ActiveCfg = Debug|Any CPU
		{1CC3E5FF-BAB1-4B6D-917C-9736D3C6F535}.Debug|Any CPU.Build.0 = Debug|Any CPU
		{1CC3E5FF-BAB1-4B6D-917C-9736D3C6F535}.Debug|x64.ActiveCfg = Debug|Any CPU
		{1CC3E5FF-BAB1-4B6D-917C-9736D3C6F535}.Debug|x64.Build.0 = Debug|Any CPU
		{1CC3E5FF-BAB1-4B6D-917C-9736D3C6F535}.Debug|x86.ActiveCfg = Debug|Any CPU
		{1CC3E5FF-BAB1-4B6D-917C-9736D3C6F535}.Debug|x86.Build.0 = Debug|Any CPU
		{1CC3E5FF-BAB1-4B6D-917C-9736D3C6F535}.Release|Any CPU.ActiveCfg = Release|Any CPU
		{1CC3E5FF-BAB1-4B6D-917C-9736D3C6F535}.Release|Any CPU.Build.0 = Release|Any CPU
		{1CC3E5FF-BAB1-4B6D-917C-9736D3C6F535}.Release|x64.ActiveCfg = Release|Any CPU
		{1CC3E5FF-BAB1-4B6D-917C-9736D3C6F535}.Release|x64.Build.0 = Release|Any CPU
		{1CC3E5FF-BAB1-4B6D-917C-9736D3C6F535}.Release|x86.ActiveCfg = Release|Any CPU
		{1CC3E5FF-BAB1-4B6D-917C-9736D3C6F535}.Release|x86.Build.0 = Release|Any CPU
		{8BB354D6-F2DA-49AD-A283-CD8297DCDCF8}.Debug|Any CPU.ActiveCfg = Debug|Any CPU
		{8BB354D6-F2DA-49AD-A283-CD8297DCDCF8}.Debug|Any CPU.Build.0 = Debug|Any CPU
		{8BB354D6-F2DA-49AD-A283-CD8297DCDCF8}.Debug|x64.ActiveCfg = Debug|Any CPU
		{8BB354D6-F2DA-49AD-A283-CD8297DCDCF8}.Debug|x64.Build.0 = Debug|Any CPU
		{8BB354D6-F2DA-49AD-A283-CD8297DCDCF8}.Debug|x86.ActiveCfg = Debug|Any CPU
		{8BB354D6-F2DA-49AD-A283-CD8297DCDCF8}.Debug|x86.Build.0 = Debug|Any CPU
		{8BB354D6-F2DA-49AD-A283-CD8297DCDCF8}.Release|Any CPU.ActiveCfg = Release|Any CPU
		{8BB354D6-F2DA-49AD-A283-CD8297DCDCF8}.Release|Any CPU.Build.0 = Release|Any CPU
		{8BB354D6-F2DA-49AD-A283-CD8297DCDCF8}.Release|x64.ActiveCfg = Release|Any CPU
		{8BB354D6-F2DA-49AD-A283-CD8297DCDCF8}.Release|x64.Build.0 = Release|Any CPU
		{8BB354D6-F2DA-49AD-A283-CD8297DCDCF8}.Release|x86.ActiveCfg = Release|Any CPU
		{8BB354D6-F2DA-49AD-A283-CD8297DCDCF8}.Release|x86.Build.0 = Release|Any CPU
		{5619CB21-E698-40C8-96D9-BA2197A1FDC0}.Debug|Any CPU.ActiveCfg = Debug|Any CPU
		{5619CB21-E698-40C8-96D9-BA2197A1FDC0}.Debug|Any CPU.Build.0 = Debug|Any CPU
		{5619CB21-E698-40C8-96D9-BA2197A1FDC0}.Debug|x64.ActiveCfg = Debug|Any CPU
		{5619CB21-E698-40C8-96D9-BA2197A1FDC0}.Debug|x64.Build.0 = Debug|Any CPU
		{5619CB21-E698-40C8-96D9-BA2197A1FDC0}.Debug|x86.ActiveCfg = Debug|Any CPU
		{5619CB21-E698-40C8-96D9-BA2197A1FDC0}.Debug|x86.Build.0 = Debug|Any CPU
		{5619CB21-E698-40C8-96D9-BA2197A1FDC0}.Release|Any CPU.ActiveCfg = Release|Any CPU
		{5619CB21-E698-40C8-96D9-BA2197A1FDC0}.Release|Any CPU.Build.0 = Release|Any CPU
		{5619CB21-E698-40C8-96D9-BA2197A1FDC0}.Release|x64.ActiveCfg = Release|Any CPU
		{5619CB21-E698-40C8-96D9-BA2197A1FDC0}.Release|x64.Build.0 = Release|Any CPU
		{5619CB21-E698-40C8-96D9-BA2197A1FDC0}.Release|x86.ActiveCfg = Release|Any CPU
		{5619CB21-E698-40C8-96D9-BA2197A1FDC0}.Release|x86.Build.0 = Release|Any CPU
		{E62C2BC6-5FF9-47FD-BAFA-E1B3FA591282}.Debug|Any CPU.ActiveCfg = Debug|Any CPU
		{E62C2BC6-5FF9-47FD-BAFA-E1B3FA591282}.Debug|Any CPU.Build.0 = Debug|Any CPU
		{E62C2BC6-5FF9-47FD-BAFA-E1B3FA591282}.Debug|x64.ActiveCfg = Debug|Any CPU
		{E62C2BC6-5FF9-47FD-BAFA-E1B3FA591282}.Debug|x64.Build.0 = Debug|Any CPU
		{E62C2BC6-5FF9-47FD-BAFA-E1B3FA591282}.Debug|x86.ActiveCfg = Debug|Any CPU
		{E62C2BC6-5FF9-47FD-BAFA-E1B3FA591282}.Debug|x86.Build.0 = Debug|Any CPU
		{E62C2BC6-5FF9-47FD-BAFA-E1B3FA591282}.Release|Any CPU.ActiveCfg = Release|Any CPU
		{E62C2BC6-5FF9-47FD-BAFA-E1B3FA591282}.Release|Any CPU.Build.0 = Release|Any CPU
		{E62C2BC6-5FF9-47FD-BAFA-E1B3FA591282}.Release|x64.ActiveCfg = Release|Any CPU
		{E62C2BC6-5FF9-47FD-BAFA-E1B3FA591282}.Release|x64.Build.0 = Release|Any CPU
		{E62C2BC6-5FF9-47FD-BAFA-E1B3FA591282}.Release|x86.ActiveCfg = Release|Any CPU
		{E62C2BC6-5FF9-47FD-BAFA-E1B3FA591282}.Release|x86.Build.0 = Release|Any CPU
		{19665BD1-4088-497D-88EA-3929573829F6}.Debug|Any CPU.ActiveCfg = Debug|Any CPU
		{19665BD1-4088-497D-88EA-3929573829F6}.Debug|Any CPU.Build.0 = Debug|Any CPU
		{19665BD1-4088-497D-88EA-3929573829F6}.Debug|x64.ActiveCfg = Debug|Any CPU
		{19665BD1-4088-497D-88EA-3929573829F6}.Debug|x64.Build.0 = Debug|Any CPU
		{19665BD1-4088-497D-88EA-3929573829F6}.Debug|x86.ActiveCfg = Debug|Any CPU
		{19665BD1-4088-497D-88EA-3929573829F6}.Debug|x86.Build.0 = Debug|Any CPU
		{19665BD1-4088-497D-88EA-3929573829F6}.Release|Any CPU.ActiveCfg = Release|Any CPU
		{19665BD1-4088-497D-88EA-3929573829F6}.Release|Any CPU.Build.0 = Release|Any CPU
		{19665BD1-4088-497D-88EA-3929573829F6}.Release|x64.ActiveCfg = Release|Any CPU
		{19665BD1-4088-497D-88EA-3929573829F6}.Release|x64.Build.0 = Release|Any CPU
		{19665BD1-4088-497D-88EA-3929573829F6}.Release|x86.ActiveCfg = Release|Any CPU
		{19665BD1-4088-497D-88EA-3929573829F6}.Release|x86.Build.0 = Release|Any CPU
		{18C270A4-4600-49D5-A503-24AC9205164B}.Debug|Any CPU.ActiveCfg = Debug|Any CPU
		{18C270A4-4600-49D5-A503-24AC9205164B}.Debug|Any CPU.Build.0 = Debug|Any CPU
		{18C270A4-4600-49D5-A503-24AC9205164B}.Debug|x64.ActiveCfg = Debug|Any CPU
		{18C270A4-4600-49D5-A503-24AC9205164B}.Debug|x64.Build.0 = Debug|Any CPU
		{18C270A4-4600-49D5-A503-24AC9205164B}.Debug|x86.ActiveCfg = Debug|Any CPU
		{18C270A4-4600-49D5-A503-24AC9205164B}.Debug|x86.Build.0 = Debug|Any CPU
		{18C270A4-4600-49D5-A503-24AC9205164B}.Release|Any CPU.ActiveCfg = Release|Any CPU
		{18C270A4-4600-49D5-A503-24AC9205164B}.Release|Any CPU.Build.0 = Release|Any CPU
		{18C270A4-4600-49D5-A503-24AC9205164B}.Release|x64.ActiveCfg = Release|Any CPU
		{18C270A4-4600-49D5-A503-24AC9205164B}.Release|x64.Build.0 = Release|Any CPU
		{18C270A4-4600-49D5-A503-24AC9205164B}.Release|x86.ActiveCfg = Release|Any CPU
		{18C270A4-4600-49D5-A503-24AC9205164B}.Release|x86.Build.0 = Release|Any CPU
	EndGlobalSection
	GlobalSection(SolutionProperties) = preSolution
		HideSolutionNode = FALSE
	EndGlobalSection
	GlobalSection(NestedProjects) = preSolution
		{60E9F92B-C105-44C4-B1F0-51FE93DAD3C5} = {827E0CD3-B72D-47B6-A68D-7590B98EB39B}
		{E3B02D8D-E8B9-4B5B-987B-F9AAEEC6222C} = {827E0CD3-B72D-47B6-A68D-7590B98EB39B}
		{1CC3E5FF-BAB1-4B6D-917C-9736D3C6F535} = {827E0CD3-B72D-47B6-A68D-7590B98EB39B}
		{8BB354D6-F2DA-49AD-A283-CD8297DCDCF8} = {0AB3BF05-4346-4AA6-1389-037BE0695223}
		{5619CB21-E698-40C8-96D9-BA2197A1FDC0} = {0AB3BF05-4346-4AA6-1389-037BE0695223}
		{E62C2BC6-5FF9-47FD-BAFA-E1B3FA591282} = {0AB3BF05-4346-4AA6-1389-037BE0695223}
		{19665BD1-4088-497D-88EA-3929573829F6} = {0AB3BF05-4346-4AA6-1389-037BE0695223}
		{18C270A4-4600-49D5-A503-24AC9205164B} = {07C2787E-EAC7-C090-1BA3-A61EC2A24D84}
	EndGlobalSection
EndGlobal
