{
  "version": 1,
  "dependencies": {
    "net10.0": {
      "cormier.realtime.client": {
        "type": "Project",
        "dependencies": {
          "Cormier.Realtime.Contracts": "[1.0.1-beta, )"
        }
      },
      "cormier.realtime.contracts": {
        "type": "Project"
      }
    },
    "net10.0/linux-x64": {}
  }
}