{
  "version": 1,
  "dependencies": {
    "net10.0": {
      "Microsoft.SourceLink.GitHub": {
        "type": "Direct",
        "requested": "[10.0.303, )",
        "resolved": "10.0.303",
        "contentHash": "fxqLxLWx4yBAabjJgSIehVITPysG30YwAMWI6LkWyrgxDlnzFKITVj9SpBAGDeFlM2QR91T4X7Z3MFkzb4kzEw==",
        "dependencies": {
          "Microsoft.Build.Tasks.Git": "10.0.303",
          "Microsoft.SourceLink.Common": "10.0.303",
          "System.IO.Hashing": "10.0.11"
        }
      },
      "OpenTelemetry.Exporter.OpenTelemetryProtocol": {
        "type": "Direct",
        "requested": "[1.18.0, )",
        "resolved": "1.18.0",
        "contentHash": "Et3WAviooKGObZjUZN8d6eTsdJs1YM3ZoN+KlWSAHksTmHG1nyGi9XGo2wb0fkFMWK0g80FOPdR1njg52Dm+aw==",
        "dependencies": {
          "OpenTelemetry": "1.18.0"
        }
      },
      "OpenTelemetry.Extensions.Hosting": {
        "type": "Direct",
        "requested": "[1.18.0, )",
        "resolved": "1.18.0",
        "contentHash": "u+JMA82H65MKwMvd2qUpL8C2qE4Jux2nvX9hmy036UK/Apv2YyIRYCttF/vlX6nMPcAKI8BXkscmL4QG3C69fw==",
        "dependencies": {
          "OpenTelemetry": "1.18.0"
        }
      },
      "Microsoft.Build.Tasks.Git": {
        "type": "Transitive",
        "resolved": "10.0.303",
        "contentHash": "tUblJMHhGAg4WKq3fzfJqXpV8o01WmQnWvgopNBnbhVQB6qwW2c8guCTCFMILD9Dekhe8MROBJ4lEk8AtXKisQ==",
        "dependencies": {
          "System.IO.Hashing": "10.0.11"
        }
      },
      "Microsoft.SourceLink.Common": {
        "type": "Transitive",
        "resolved": "10.0.303",
        "contentHash": "rEJw+kxSZHFRnSR5rIT2I4qYDnEhoOOl0SGS7wCeYXG88u008LwIb0oEZtj/auGvaQBMvy7jvPu6VFli8zUAZg=="
      },
      "OpenTelemetry": {
        "type": "Transitive",
        "resolved": "1.18.0",
        "contentHash": "13AKxycK+olOLe061MjliPTNBR/DUkjyRr0b9zwUhKyMjFS8lXS7G31R85rkbM55up2YFmdykWdAw2giBDJpiQ==",
        "dependencies": {
          "OpenTelemetry.Api.ProviderBuilderExtensions": "1.18.0"
        }
      },
      "OpenTelemetry.Api": {
        "type": "Transitive",
        "resolved": "1.18.0",
        "contentHash": "Dhzm5oughIY9EWckt2J1yXcEbXpki5WCL2q7prJoYxzH6C7jdkfGtPMTkUVZZ4AhjJKzQnlC+kLSIlmIVwC4Vw=="
      },
      "OpenTelemetry.Api.ProviderBuilderExtensions": {
        "type": "Transitive",
        "resolved": "1.18.0",
        "contentHash": "io6A6PJFp3vIObRGf6oPjdHsdglkinXt/0SpTDJHrVnsLxUtOzwh/QwTsnhBJ43wJ6QcGMkyNzsSSY8XEB1Q5Q==",
        "dependencies": {
          "OpenTelemetry.Api": "1.18.0"
        }
      },
      "RESPite": {
        "type": "Transitive",
        "resolved": "3.1.31",
        "contentHash": "u+MFK6FzGWngKaY3wJ/V9vQSVe/NSqpk0IYYw6ACwmlPq5eTnsyZGlzEa3YMifJGVs3omrl5MkgigB1jZYNnGg=="
      },
      "StackExchange.Redis": {
        "type": "Transitive",
        "resolved": "3.1.31",
        "contentHash": "QillloeZxgw9+IWmnowTrjrn+JV7JIMVzr1JiUpCa7pJQI48rtcqG9yy6u5UBRiTuCiKU5909aRu67Ch6gWVMg==",
        "dependencies": {
          "RESPite": "3.1.31",
          "System.IO.Hashing": "10.0.5"
        }
      },
      "System.IO.Hashing": {
        "type": "Transitive",
        "resolved": "10.0.11",
        "contentHash": "OzKDcIRkeNJeC8qAsbn8yJXnfTLP1dtkWILe+T56Gf/z+IkAASi7sMqLqJQat08j5z/mRN5xVtoAwbkMNMoBUQ=="
      },
      "cormier.realtime.contracts": {
        "type": "Project"
      },
      "cormier.realtime.redis": {
        "type": "Project",
        "dependencies": {
          "Cormier.Realtime.Contracts": "[1.0.1-beta, )",
          "StackExchange.Redis": "[3.1.31, )"
        }
      }
    },
    "net10.0/linux-x64": {}
  }
}