{
  "version": 1,
  "dependencies": {
    "net10.0": {
      "OpenTelemetry": {
        "type": "Transitive",
        "resolved": "1.18.0",
        "contentHash": "13AKxycK+olOLe061MjliPTNBR/DUkjyRr0b9zwUhKyMjFS8lXS7G31R85rkbM55up2YFmdykWdAw2giBDJpiQ==",
        "dependencies": {
          "OpenTelemetry.Api.ProviderBuilderExtensions": "1.18.0"
        }
      },
      "OpenTelemetry.Api": {
        "type": "Transitive",
        "resolved": "1.18.0",
        "contentHash": "Dhzm5oughIY9EWckt2J1yXcEbXpki5WCL2q7prJoYxzH6C7jdkfGtPMTkUVZZ4AhjJKzQnlC+kLSIlmIVwC4Vw=="
      },
      "OpenTelemetry.Api.ProviderBuilderExtensions": {
        "type": "Transitive",
        "resolved": "1.18.0",
        "contentHash": "io6A6PJFp3vIObRGf6oPjdHsdglkinXt/0SpTDJHrVnsLxUtOzwh/QwTsnhBJ43wJ6QcGMkyNzsSSY8XEB1Q5Q==",
        "dependencies": {
          "OpenTelemetry.Api": "1.18.0"
        }
      },
      "OpenTelemetry.Exporter.OpenTelemetryProtocol": {
        "type": "Transitive",
        "resolved": "1.18.0",
        "contentHash": "Et3WAviooKGObZjUZN8d6eTsdJs1YM3ZoN+KlWSAHksTmHG1nyGi9XGo2wb0fkFMWK0g80FOPdR1njg52Dm+aw==",
        "dependencies": {
          "OpenTelemetry": "1.18.0"
        }
      },
      "OpenTelemetry.Extensions.Hosting": {
        "type": "Transitive",
        "resolved": "1.18.0",
        "contentHash": "u+JMA82H65MKwMvd2qUpL8C2qE4Jux2nvX9hmy036UK/Apv2YyIRYCttF/vlX6nMPcAKI8BXkscmL4QG3C69fw==",
        "dependencies": {
          "OpenTelemetry": "1.18.0"
        }
      },
      "RESPite": {
        "type": "Transitive",
        "resolved": "3.1.31",
        "contentHash": "u+MFK6FzGWngKaY3wJ/V9vQSVe/NSqpk0IYYw6ACwmlPq5eTnsyZGlzEa3YMifJGVs3omrl5MkgigB1jZYNnGg=="
      },
      "StackExchange.Redis": {
        "type": "Transitive",
        "resolved": "3.1.31",
        "contentHash": "QillloeZxgw9+IWmnowTrjrn+JV7JIMVzr1JiUpCa7pJQI48rtcqG9yy6u5UBRiTuCiKU5909aRu67Ch6gWVMg==",
        "dependencies": {
          "RESPite": "3.1.31",
          "System.IO.Hashing": "10.0.5"
        }
      },
      "System.IO.Hashing": {
        "type": "Transitive",
        "resolved": "10.0.5",
        "contentHash": "8IBJWcCT9+e4Bmevm4T7+fQEiAh133KGiz4oiVTgJckd3Q76OFdR1falgn9lpz7+C4HJvogCDJeAa2QmvbeVtg=="
      },
      "cormier.realtime.aspnetcore": {
        "type": "Project",
        "dependencies": {
          "Cormier.Realtime.Contracts": "[1.0.1-beta, )",
          "Cormier.Realtime.Redis": "[1.0.1-beta, )",
          "OpenTelemetry.Exporter.OpenTelemetryProtocol": "[1.18.0, )",
          "OpenTelemetry.Extensions.Hosting": "[1.18.0, )"
        }
      },
      "cormier.realtime.browser": {
        "type": "Project"
      },
      "cormier.realtime.contracts": {
        "type": "Project"
      },
      "cormier.realtime.redis": {
        "type": "Project",
        "dependencies": {
          "Cormier.Realtime.Contracts": "[1.0.1-beta, )",
          "StackExchange.Redis": "[3.1.31, )"
        }
      }
    },
    "net10.0/linux-x64": {}
  }
}